// !$*UTF8*$!
{
	archiveVersion = 1;
	classes = {
	};
	objectVersion = 46;
	objects = {

/* Begin PBXBuildFile section */
		192CEFC01D536AF9005E5AF4 /* FTSigninWithEmailViewController.swift in Sources */ = {isa = PBXBuildFile; fileRef = 192CEFBF1D536AF9005E5AF4 /* FTSigninWithEmailViewController.swift */; };
		192CEFC21D53757B005E5AF4 /* ProfileCustomization.storyboard in Resources */ = {isa = PBXBuildFile; fileRef = 192CEFC11D53757B005E5AF4 /* ProfileCustomization.storyboard */; };
		192CEFC51D537DB3005E5AF4 /* FTProfileMainViewController.swift in Sources */ = {isa = PBXBuildFile; fileRef = 192CEFC41D537DB3005E5AF4 /* FTProfileMainViewController.swift */; };
		1952C1881D4A4EF0008776AA /* FTManualActivityTrackViewController.swift in Sources */ = {isa = PBXBuildFile; fileRef = 1952C1871D4A4EF0008776AA /* FTManualActivityTrackViewController.swift */; };
		1952C18A1D50DCBC008776AA /* FTSignupWithEmailViewController.swift in Sources */ = {isa = PBXBuildFile; fileRef = 1952C1891D50DCBC008776AA /* FTSignupWithEmailViewController.swift */; };
		1983844D1D637CBD008F3613 /* Crashlytics.framework in Frameworks */ = {isa = PBXBuildFile; fileRef = 1983844C1D637CBD008F3613 /* Crashlytics.framework */; };
		198384501D638101008F3613 /* FTAnalytics.swift in Sources */ = {isa = PBXBuildFile; fileRef = 1983844F1D638101008F3613 /* FTAnalytics.swift */; };
		19B169721D5B7E3200F4393D /* FTContainerViewController.swift in Sources */ = {isa = PBXBuildFile; fileRef = 19B169711D5B7E3200F4393D /* FTContainerViewController.swift */; };
		19B169741D5B7E9E00F4393D /* FTLeftMenuViewController.swift in Sources */ = {isa = PBXBuildFile; fileRef = 19B169731D5B7E9E00F4393D /* FTLeftMenuViewController.swift */; };
		19B169771D5B81DB00F4393D /* FTFont.swift in Sources */ = {isa = PBXBuildFile; fileRef = 19B169761D5B81DB00F4393D /* FTFont.swift */; };
		19B169791D5B961500F4393D /* FTColor.swift in Sources */ = {isa = PBXBuildFile; fileRef = 19B169781D5B961500F4393D /* FTColor.swift */; };
		19B1697B1D5B96D300F4393D /* Onboarding.storyboard in Resources */ = {isa = PBXBuildFile; fileRef = 19B1697A1D5B96D300F4393D /* Onboarding.storyboard */; };
		19B1697D1D5C74A200F4393D /* FTNavigationItem.swift in Sources */ = {isa = PBXBuildFile; fileRef = 19B1697C1D5C74A200F4393D /* FTNavigationItem.swift */; };
		19B1697F1D5C7ACC00F4393D /* FTButton.swift in Sources */ = {isa = PBXBuildFile; fileRef = 19B1697E1D5C7ACC00F4393D /* FTButton.swift */; };
		19B169811D5C7DA300F4393D /* FTTextField.swift in Sources */ = {isa = PBXBuildFile; fileRef = 19B169801D5C7DA300F4393D /* FTTextField.swift */; };
		19B169831D5CAFCF00F4393D /* FTLeftMenuItemCell.swift in Sources */ = {isa = PBXBuildFile; fileRef = 19B169821D5CAFCF00F4393D /* FTLeftMenuItemCell.swift */; };
		19B169851D5CF78700F4393D /* FTHomeViewController.swift in Sources */ = {isa = PBXBuildFile; fileRef = 19B169841D5CF78700F4393D /* FTHomeViewController.swift */; };
		19B169871D5DB29000F4393D /* Medications.storyboard in Resources */ = {isa = PBXBuildFile; fileRef = 19B169861D5DB29000F4393D /* Medications.storyboard */; };
		19B169891D5DB2DF00F4393D /* FTMedicationsViewController.swift in Sources */ = {isa = PBXBuildFile; fileRef = 19B169881D5DB2DF00F4393D /* FTMedicationsViewController.swift */; };
		19B1698C1D5DBAF600F4393D /* FTMedicationListCell.swift in Sources */ = {isa = PBXBuildFile; fileRef = 19B1698B1D5DBAF600F4393D /* FTMedicationListCell.swift */; };
		19B1698E1D5DFC2400F4393D /* FTString.swift in Sources */ = {isa = PBXBuildFile; fileRef = 19B1698D1D5DFC2400F4393D /* FTString.swift */; };
		19B169901D61E41900F4393D /* FTActivityValueCell.swift in Sources */ = {isa = PBXBuildFile; fileRef = 19B1698F1D61E41900F4393D /* FTActivityValueCell.swift */; };
		19B746451D59F2020013883F /* FTPhotoCropViewController.swift in Sources */ = {isa = PBXBuildFile; fileRef = 19B746441D59F2020013883F /* FTPhotoCropViewController.swift */; };
		19B7466A1D5A0F6C0013883F /* FTChangePasswordViewController.swift in Sources */ = {isa = PBXBuildFile; fileRef = 19B746681D5A0F6C0013883F /* FTChangePasswordViewController.swift */; };
		19B7466D1D5A1CCB0013883F /* ChangePassword.storyboard in Resources */ = {isa = PBXBuildFile; fileRef = 19B7466C1D5A1CCB0013883F /* ChangePassword.storyboard */; };
		19B746711D5B27EE0013883F /* FTMedicationDetailsViewController.swift in Sources */ = {isa = PBXBuildFile; fileRef = 19B746701D5B27EE0013883F /* FTMedicationDetailsViewController.swift */; };
		19B746731D5B2B590013883F /* FTMedicationDetailCell.swift in Sources */ = {isa = PBXBuildFile; fileRef = 19B746721D5B2B590013883F /* FTMedicationDetailCell.swift */; };
		19E64C151D3518610063E3DD /* AppDelegate.swift in Sources */ = {isa = PBXBuildFile; fileRef = 19E64C141D3518610063E3DD /* AppDelegate.swift */; };
		19E64C1A1D3518610063E3DD /* Main.storyboard in Resources */ = {isa = PBXBuildFile; fileRef = 19E64C181D3518610063E3DD /* Main.storyboard */; };
		19E64C1C1D3518610063E3DD /* Assets.xcassets in Resources */ = {isa = PBXBuildFile; fileRef = 19E64C1B1D3518610063E3DD /* Assets.xcassets */; };
		19E64C1F1D3518610063E3DD /* LaunchScreen.storyboard in Resources */ = {isa = PBXBuildFile; fileRef = 19E64C1D1D3518610063E3DD /* LaunchScreen.storyboard */; };
		19E64C271D35196B0063E3DD /* FTDataManager.swift in Sources */ = {isa = PBXBuildFile; fileRef = 19E64C261D35196B0063E3DD /* FTDataManager.swift */; };
		19E64C2F1D352F4A0063E3DD /* FTStravaManager.swift in Sources */ = {isa = PBXBuildFile; fileRef = 19E64C2E1D352F4A0063E3DD /* FTStravaManager.swift */; };
		19E64C321D3674C90063E3DD /* FTDataObject.swift in Sources */ = {isa = PBXBuildFile; fileRef = 19E64C311D3674C90063E3DD /* FTDataObject.swift */; };
		19E64C341D3677260063E3DD /* Activity.swift in Sources */ = {isa = PBXBuildFile; fileRef = 19E64C331D3677260063E3DD /* Activity.swift */; };
		19E64C371D368D700063E3DD /* FTSelectActivityViewController.swift in Sources */ = {isa = PBXBuildFile; fileRef = 19E64C361D368D700063E3DD /* FTSelectActivityViewController.swift */; };
		19E64C3A1D368DB40063E3DD /* FTSelectActivityCell.swift in Sources */ = {isa = PBXBuildFile; fileRef = 19E64C391D368DB40063E3DD /* FTSelectActivityCell.swift */; };
		19E64C3C1D379A9D0063E3DD /* Medication.swift in Sources */ = {isa = PBXBuildFile; fileRef = 19E64C3B1D379A9D0063E3DD /* Medication.swift */; };
		19E64C3E1D379F030063E3DD /* User.swift in Sources */ = {isa = PBXBuildFile; fileRef = 19E64C3D1D379F030063E3DD /* User.swift */; };
		19E64C401D379F3F0063E3DD /* Athlete.swift in Sources */ = {isa = PBXBuildFile; fileRef = 19E64C3F1D379F3F0063E3DD /* Athlete.swift */; };
		19E64C421D379FF50063E3DD /* FTError.swift in Sources */ = {isa = PBXBuildFile; fileRef = 19E64C411D379FF50063E3DD /* FTError.swift */; };
		19E64C451D37A7D20063E3DD /* FTOnboardingViewController.swift in Sources */ = {isa = PBXBuildFile; fileRef = 19E64C441D37A7D20063E3DD /* FTOnboardingViewController.swift */; };
		19E64C4B1D380C3D0063E3DD /* FTLogActivityViewController.swift in Sources */ = {isa = PBXBuildFile; fileRef = 19E64C4A1D380C3D0063E3DD /* FTLogActivityViewController.swift */; };
		19EAB57B1D634E1B0030414D /* LineChart.swift in Sources */ = {isa = PBXBuildFile; fileRef = 19EAB57A1D634E1B0030414D /* LineChart.swift */; };
		19EAB57E1D634ECB0030414D /* FTTutorialMainViewController.swift in Sources */ = {isa = PBXBuildFile; fileRef = 19EAB57D1D634ECB0030414D /* FTTutorialMainViewController.swift */; };
		19EAB5801D634EFB0030414D /* FTTutorialSinglePageViewController.swift in Sources */ = {isa = PBXBuildFile; fileRef = 19EAB57F1D634EFB0030414D /* FTTutorialSinglePageViewController.swift */; };
		19EAB5821D634F110030414D /* Tutorial.storyboard in Resources */ = {isa = PBXBuildFile; fileRef = 19EAB5811D634F110030414D /* Tutorial.storyboard */; };
		A94C973365D81BA8CDDB4995 /* Pods_Games420.framework in Frameworks */ = {isa = PBXBuildFile; fileRef = 6C8624F85B315546460893B4 /* Pods_Games420.framework */; };
/* End PBXBuildFile section */

/* Begin PBXFileReference section */
		192CEFBF1D536AF9005E5AF4 /* FTSigninWithEmailViewController.swift */ = {isa = PBXFileReference; fileEncoding = 4; lastKnownFileType = sourcecode.swift; path = FTSigninWithEmailViewController.swift; sourceTree = "<group>"; };
		192CEFC11D53757B005E5AF4 /* ProfileCustomization.storyboard */ = {isa = PBXFileReference; fileEncoding = 4; lastKnownFileType = file.storyboard; path = ProfileCustomization.storyboard; sourceTree = "<group>"; };
		192CEFC41D537DB3005E5AF4 /* FTProfileMainViewController.swift */ = {isa = PBXFileReference; fileEncoding = 4; lastKnownFileType = sourcecode.swift; name = FTProfileMainViewController.swift; path = Profile/FTProfileMainViewController.swift; sourceTree = "<group>"; };
		1952C1871D4A4EF0008776AA /* FTManualActivityTrackViewController.swift */ = {isa = PBXFileReference; fileEncoding = 4; lastKnownFileType = sourcecode.swift; path = FTManualActivityTrackViewController.swift; sourceTree = "<group>"; };
		1952C1891D50DCBC008776AA /* FTSignupWithEmailViewController.swift */ = {isa = PBXFileReference; fileEncoding = 4; lastKnownFileType = sourcecode.swift; path = FTSignupWithEmailViewController.swift; sourceTree = "<group>"; };
		1983844C1D637CBD008F3613 /* Crashlytics.framework */ = {isa = PBXFileReference; lastKnownFileType = wrapper.framework; path = Crashlytics.framework; sourceTree = "<group>"; };
		1983844F1D638101008F3613 /* FTAnalytics.swift */ = {isa = PBXFileReference; fileEncoding = 4; lastKnownFileType = sourcecode.swift; path = FTAnalytics.swift; sourceTree = "<group>"; };
		199FA6EA1D6B32D0004B3DDC /* Games420-Bridging-Header.h */ = {isa = PBXFileReference; fileEncoding = 4; lastKnownFileType = sourcecode.c.h; path = "Games420-Bridging-Header.h"; sourceTree = "<group>"; };
		19B169711D5B7E3200F4393D /* FTContainerViewController.swift */ = {isa = PBXFileReference; fileEncoding = 4; lastKnownFileType = sourcecode.swift; path = FTContainerViewController.swift; sourceTree = "<group>"; };
		19B169731D5B7E9E00F4393D /* FTLeftMenuViewController.swift */ = {isa = PBXFileReference; fileEncoding = 4; lastKnownFileType = sourcecode.swift; path = FTLeftMenuViewController.swift; sourceTree = "<group>"; };
		19B169761D5B81DB00F4393D /* FTFont.swift */ = {isa = PBXFileReference; fileEncoding = 4; lastKnownFileType = sourcecode.swift; path = FTFont.swift; sourceTree = "<group>"; };
		19B169781D5B961500F4393D /* FTColor.swift */ = {isa = PBXFileReference; fileEncoding = 4; lastKnownFileType = sourcecode.swift; path = FTColor.swift; sourceTree = "<group>"; };
		19B1697A1D5B96D300F4393D /* Onboarding.storyboard */ = {isa = PBXFileReference; fileEncoding = 4; lastKnownFileType = file.storyboard; path = Onboarding.storyboard; sourceTree = "<group>"; };
		19B1697C1D5C74A200F4393D /* FTNavigationItem.swift */ = {isa = PBXFileReference; fileEncoding = 4; lastKnownFileType = sourcecode.swift; path = FTNavigationItem.swift; sourceTree = "<group>"; };
		19B1697E1D5C7ACC00F4393D /* FTButton.swift */ = {isa = PBXFileReference; fileEncoding = 4; lastKnownFileType = sourcecode.swift; path = FTButton.swift; sourceTree = "<group>"; };
		19B169801D5C7DA300F4393D /* FTTextField.swift */ = {isa = PBXFileReference; fileEncoding = 4; lastKnownFileType = sourcecode.swift; path = FTTextField.swift; sourceTree = "<group>"; };
		19B169821D5CAFCF00F4393D /* FTLeftMenuItemCell.swift */ = {isa = PBXFileReference; fileEncoding = 4; lastKnownFileType = sourcecode.swift; path = FTLeftMenuItemCell.swift; sourceTree = "<group>"; };
		19B169841D5CF78700F4393D /* FTHomeViewController.swift */ = {isa = PBXFileReference; fileEncoding = 4; lastKnownFileType = sourcecode.swift; path = FTHomeViewController.swift; sourceTree = "<group>"; };
		19B169861D5DB29000F4393D /* Medications.storyboard */ = {isa = PBXFileReference; fileEncoding = 4; lastKnownFileType = file.storyboard; path = Medications.storyboard; sourceTree = "<group>"; };
		19B169881D5DB2DF00F4393D /* FTMedicationsViewController.swift */ = {isa = PBXFileReference; fileEncoding = 4; lastKnownFileType = sourcecode.swift; path = FTMedicationsViewController.swift; sourceTree = "<group>"; };
		19B1698B1D5DBAF600F4393D /* FTMedicationListCell.swift */ = {isa = PBXFileReference; fileEncoding = 4; lastKnownFileType = sourcecode.swift; path = FTMedicationListCell.swift; sourceTree = "<group>"; };
		19B1698D1D5DFC2400F4393D /* FTString.swift */ = {isa = PBXFileReference; fileEncoding = 4; lastKnownFileType = sourcecode.swift; path = FTString.swift; sourceTree = "<group>"; };
		19B1698F1D61E41900F4393D /* FTActivityValueCell.swift */ = {isa = PBXFileReference; fileEncoding = 4; lastKnownFileType = sourcecode.swift; path = FTActivityValueCell.swift; sourceTree = "<group>"; };
		19B746441D59F2020013883F /* FTPhotoCropViewController.swift */ = {isa = PBXFileReference; fileEncoding = 4; lastKnownFileType = sourcecode.swift; path = FTPhotoCropViewController.swift; sourceTree = "<group>"; };
		19B746681D5A0F6C0013883F /* FTChangePasswordViewController.swift */ = {isa = PBXFileReference; fileEncoding = 4; lastKnownFileType = sourcecode.swift; path = FTChangePasswordViewController.swift; sourceTree = "<group>"; };
		19B7466C1D5A1CCB0013883F /* ChangePassword.storyboard */ = {isa = PBXFileReference; fileEncoding = 4; lastKnownFileType = file.storyboard; path = ChangePassword.storyboard; sourceTree = "<group>"; };
		19B746701D5B27EE0013883F /* FTMedicationDetailsViewController.swift */ = {isa = PBXFileReference; fileEncoding = 4; lastKnownFileType = sourcecode.swift; path = FTMedicationDetailsViewController.swift; sourceTree = "<group>"; };
		19B746721D5B2B590013883F /* FTMedicationDetailCell.swift */ = {isa = PBXFileReference; fileEncoding = 4; lastKnownFileType = sourcecode.swift; path = FTMedicationDetailCell.swift; sourceTree = "<group>"; };
		19E64C111D3518610063E3DD /* Games420.app */ = {isa = PBXFileReference; explicitFileType = wrapper.application; includeInIndex = 0; path = Games420.app; sourceTree = BUILT_PRODUCTS_DIR; };
		19E64C141D3518610063E3DD /* AppDelegate.swift */ = {isa = PBXFileReference; lastKnownFileType = sourcecode.swift; path = AppDelegate.swift; sourceTree = "<group>"; };
		19E64C191D3518610063E3DD /* Base */ = {isa = PBXFileReference; lastKnownFileType = file.storyboard; name = Base; path = Base.lproj/Main.storyboard; sourceTree = "<group>"; };
		19E64C1B1D3518610063E3DD /* Assets.xcassets */ = {isa = PBXFileReference; lastKnownFileType = folder.assetcatalog; path = Assets.xcassets; sourceTree = "<group>"; };
		19E64C1E1D3518610063E3DD /* Base */ = {isa = PBXFileReference; lastKnownFileType = file.storyboard; name = Base; path = Base.lproj/LaunchScreen.storyboard; sourceTree = "<group>"; };
		19E64C201D3518610063E3DD /* Info.plist */ = {isa = PBXFileReference; lastKnownFileType = text.plist.xml; path = Info.plist; sourceTree = "<group>"; };
		19E64C261D35196B0063E3DD /* FTDataManager.swift */ = {isa = PBXFileReference; fileEncoding = 4; lastKnownFileType = sourcecode.swift; name = FTDataManager.swift; path = Data/FTDataManager.swift; sourceTree = "<group>"; };
		19E64C2E1D352F4A0063E3DD /* FTStravaManager.swift */ = {isa = PBXFileReference; fileEncoding = 4; lastKnownFileType = sourcecode.swift; name = FTStravaManager.swift; path = Data/FTStravaManager.swift; sourceTree = "<group>"; };
		19E64C311D3674C90063E3DD /* FTDataObject.swift */ = {isa = PBXFileReference; fileEncoding = 4; lastKnownFileType = sourcecode.swift; name = FTDataObject.swift; path = Model/FTDataObject.swift; sourceTree = "<group>"; };
		19E64C331D3677260063E3DD /* Activity.swift */ = {isa = PBXFileReference; fileEncoding = 4; lastKnownFileType = sourcecode.swift; name = Activity.swift; path = Model/Activity.swift; sourceTree = "<group>"; };
		19E64C361D368D700063E3DD /* FTSelectActivityViewController.swift */ = {isa = PBXFileReference; fileEncoding = 4; lastKnownFileType = sourcecode.swift; path = FTSelectActivityViewController.swift; sourceTree = "<group>"; };
		19E64C391D368DB40063E3DD /* FTSelectActivityCell.swift */ = {isa = PBXFileReference; fileEncoding = 4; lastKnownFileType = sourcecode.swift; path = FTSelectActivityCell.swift; sourceTree = "<group>"; };
		19E64C3B1D379A9D0063E3DD /* Medication.swift */ = {isa = PBXFileReference; fileEncoding = 4; lastKnownFileType = sourcecode.swift; name = Medication.swift; path = Model/Medication.swift; sourceTree = "<group>"; };
		19E64C3D1D379F030063E3DD /* User.swift */ = {isa = PBXFileReference; fileEncoding = 4; lastKnownFileType = sourcecode.swift; name = User.swift; path = Model/User.swift; sourceTree = "<group>"; };
		19E64C3F1D379F3F0063E3DD /* Athlete.swift */ = {isa = PBXFileReference; fileEncoding = 4; lastKnownFileType = sourcecode.swift; name = Athlete.swift; path = Model/Athlete.swift; sourceTree = "<group>"; };
		19E64C411D379FF50063E3DD /* FTError.swift */ = {isa = PBXFileReference; fileEncoding = 4; lastKnownFileType = sourcecode.swift; name = FTError.swift; path = Data/FTError.swift; sourceTree = "<group>"; };
		19E64C441D37A7D20063E3DD /* FTOnboardingViewController.swift */ = {isa = PBXFileReference; fileEncoding = 4; lastKnownFileType = sourcecode.swift; path = FTOnboardingViewController.swift; sourceTree = "<group>"; };
		19E64C4A1D380C3D0063E3DD /* FTLogActivityViewController.swift */ = {isa = PBXFileReference; fileEncoding = 4; lastKnownFileType = sourcecode.swift; path = FTLogActivityViewController.swift; sourceTree = "<group>"; };
		19EAB57A1D634E1B0030414D /* LineChart.swift */ = {isa = PBXFileReference; fileEncoding = 4; lastKnownFileType = sourcecode.swift; path = LineChart.swift; sourceTree = "<group>"; };
		19EAB57D1D634ECB0030414D /* FTTutorialMainViewController.swift */ = {isa = PBXFileReference; fileEncoding = 4; lastKnownFileType = sourcecode.swift; path = FTTutorialMainViewController.swift; sourceTree = "<group>"; };
		19EAB57F1D634EFB0030414D /* FTTutorialSinglePageViewController.swift */ = {isa = PBXFileReference; fileEncoding = 4; lastKnownFileType = sourcecode.swift; path = FTTutorialSinglePageViewController.swift; sourceTree = "<group>"; };
		19EAB5811D634F110030414D /* Tutorial.storyboard */ = {isa = PBXFileReference; fileEncoding = 4; lastKnownFileType = file.storyboard; path = Tutorial.storyboard; sourceTree = "<group>"; };
		5BC5FF388B87F8921C768337 /* Pods-Games420.debug.xcconfig */ = {isa = PBXFileReference; includeInIndex = 1; lastKnownFileType = text.xcconfig; name = "Pods-Games420.debug.xcconfig"; path = "Pods/Target Support Files/Pods-Games420/Pods-Games420.debug.xcconfig"; sourceTree = "<group>"; };
		6C8624F85B315546460893B4 /* Pods_Games420.framework */ = {isa = PBXFileReference; explicitFileType = wrapper.framework; includeInIndex = 0; path = Pods_Games420.framework; sourceTree = BUILT_PRODUCTS_DIR; };
		D9BF4BB0CE89AFC4806BC2C6 /* Pods-Games420.release.xcconfig */ = {isa = PBXFileReference; includeInIndex = 1; lastKnownFileType = text.xcconfig; name = "Pods-Games420.release.xcconfig"; path = "Pods/Target Support Files/Pods-Games420/Pods-Games420.release.xcconfig"; sourceTree = "<group>"; };
/* End PBXFileReference section */

/* Begin PBXFrameworksBuildPhase section */
		19E64C0E1D3518610063E3DD /* Frameworks */ = {
			isa = PBXFrameworksBuildPhase;
			buildActionMask = 2147483647;
			files = (
				1983844D1D637CBD008F3613 /* Crashlytics.framework in Frameworks */,
				A94C973365D81BA8CDDB4995 /* Pods_Games420.framework in Frameworks */,
			);
			runOnlyForDeploymentPostprocessing = 0;
		};
/* End PBXFrameworksBuildPhase section */

/* Begin PBXGroup section */
		192CEFC31D537D86005E5AF4 /* Profile */ = {
			isa = PBXGroup;
			children = (
				19B746681D5A0F6C0013883F /* FTChangePasswordViewController.swift */,
				192CEFC41D537DB3005E5AF4 /* FTProfileMainViewController.swift */,
				19B746441D59F2020013883F /* FTPhotoCropViewController.swift */,
			);
			name = Profile;
			sourceTree = "<group>";
		};
		192CEFC61D537E4B005E5AF4 /* UI */ = {
			isa = PBXGroup;
			children = (
				19E64C181D3518610063E3DD /* Main.storyboard */,
				192CEFC11D53757B005E5AF4 /* ProfileCustomization.storyboard */,
				19B7466C1D5A1CCB0013883F /* ChangePassword.storyboard */,
				19B1697A1D5B96D300F4393D /* Onboarding.storyboard */,
				19B169861D5DB29000F4393D /* Medications.storyboard */,
				19EAB5811D634F110030414D /* Tutorial.storyboard */,
			);
			name = UI;
			sourceTree = "<group>";
		};
		1983844E1D6380E9008F3613 /* Analytics */ = {
			isa = PBXGroup;
			children = (
				1983844F1D638101008F3613 /* FTAnalytics.swift */,
			);
			name = Analytics;
			sourceTree = "<group>";
		};
		19B169751D5B81C700F4393D /* Extensions */ = {
			isa = PBXGroup;
			children = (
				19B169761D5B81DB00F4393D /* FTFont.swift */,
				19B169781D5B961500F4393D /* FTColor.swift */,
				19B1697C1D5C74A200F4393D /* FTNavigationItem.swift */,
				19B1697E1D5C7ACC00F4393D /* FTButton.swift */,
				19B169801D5C7DA300F4393D /* FTTextField.swift */,
				19B1698D1D5DFC2400F4393D /* FTString.swift */,
			);
			name = Extensions;
			sourceTree = "<group>";
		};
		19B1698A1D5DBACE00F4393D /* Medications */ = {
			isa = PBXGroup;
			children = (
				19B746701D5B27EE0013883F /* FTMedicationDetailsViewController.swift */,
				19B746721D5B2B590013883F /* FTMedicationDetailCell.swift */,
				19B169881D5DB2DF00F4393D /* FTMedicationsViewController.swift */,
				19B1698B1D5DBAF600F4393D /* FTMedicationListCell.swift */,
			);
			name = Medications;
			sourceTree = "<group>";
		};
		19E64C081D3518610063E3DD = {
			isa = PBXGroup;
			children = (
				19E64C131D3518610063E3DD /* Games420 */,
				19E64C121D3518610063E3DD /* Products */,
				BFC95062948E14BC1EC183A4 /* Pods */,
				1CFC921D0215E7BCDAD0DE11 /* Frameworks */,
			);
			sourceTree = "<group>";
		};
		19E64C121D3518610063E3DD /* Products */ = {
			isa = PBXGroup;
			children = (
				19E64C111D3518610063E3DD /* Games420.app */,
			);
			name = Products;
			sourceTree = "<group>";
		};
		19E64C131D3518610063E3DD /* Games420 */ = {
			isa = PBXGroup;
			children = (
				1983844E1D6380E9008F3613 /* Analytics */,
				19EAB5761D622A610030414D /* Third Party */,
				19B169751D5B81C700F4393D /* Extensions */,
				192CEFC61D537E4B005E5AF4 /* UI */,
				19E64C351D368D4B0063E3DD /* View Controllers */,
				19E64C301D3674A90063E3DD /* Model */,
				19E64C281D3519700063E3DD /* Data */,
				19E64C141D3518610063E3DD /* AppDelegate.swift */,
				199FA6EA1D6B32D0004B3DDC /* Games420-Bridging-Header.h */,
				19E64C1B1D3518610063E3DD /* Assets.xcassets */,
				19E64C1D1D3518610063E3DD /* LaunchScreen.storyboard */,
				19E64C201D3518610063E3DD /* Info.plist */,
			);
			path = Games420;
			sourceTree = "<group>";
		};
		19E64C281D3519700063E3DD /* Data */ = {
			isa = PBXGroup;
			children = (
				19E64C261D35196B0063E3DD /* FTDataManager.swift */,
				19E64C2E1D352F4A0063E3DD /* FTStravaManager.swift */,
				19E64C411D379FF50063E3DD /* FTError.swift */,
			);
			name = Data;
			sourceTree = "<group>";
		};
		19E64C301D3674A90063E3DD /* Model */ = {
			isa = PBXGroup;
			children = (
				19E64C311D3674C90063E3DD /* FTDataObject.swift */,
				19E64C331D3677260063E3DD /* Activity.swift */,
				19E64C3B1D379A9D0063E3DD /* Medication.swift */,
				19E64C3D1D379F030063E3DD /* User.swift */,
				19E64C3F1D379F3F0063E3DD /* Athlete.swift */,
			);
			name = Model;
			sourceTree = "<group>";
		};
		19E64C351D368D4B0063E3DD /* View Controllers */ = {
			isa = PBXGroup;
			children = (
				19EAB57C1D634E900030414D /* Tutorial */,
				19E64C491D380C1F0063E3DD /* Activities */,
				19B1698A1D5DBACE00F4393D /* Medications */,
				192CEFC31D537D86005E5AF4 /* Profile */,
				19E64C461D37D40D0063E3DD /* Main */,
				19E64C431D37A7BC0063E3DD /* Onboarding */,
				19E64C381D368D970063E3DD /* Select activity */,
			);
			name = "View Controllers";
			sourceTree = "<group>";
		};
		19E64C381D368D970063E3DD /* Select activity */ = {
			isa = PBXGroup;
			children = (
				19E64C361D368D700063E3DD /* FTSelectActivityViewController.swift */,
				19E64C391D368DB40063E3DD /* FTSelectActivityCell.swift */,
			);
			name = "Select activity";
			sourceTree = "<group>";
		};
		19E64C431D37A7BC0063E3DD /* Onboarding */ = {
			isa = PBXGroup;
			children = (
				19E64C441D37A7D20063E3DD /* FTOnboardingViewController.swift */,
				1952C1891D50DCBC008776AA /* FTSignupWithEmailViewController.swift */,
				192CEFBF1D536AF9005E5AF4 /* FTSigninWithEmailViewController.swift */,
			);
			name = Onboarding;
			sourceTree = "<group>";
		};
		19E64C461D37D40D0063E3DD /* Main */ = {
			isa = PBXGroup;
			children = (
				19B169711D5B7E3200F4393D /* FTContainerViewController.swift */,
				19B169731D5B7E9E00F4393D /* FTLeftMenuViewController.swift */,
				19B169821D5CAFCF00F4393D /* FTLeftMenuItemCell.swift */,
				19B169841D5CF78700F4393D /* FTHomeViewController.swift */,
				19B1698F1D61E41900F4393D /* FTActivityValueCell.swift */,
			);
			name = Main;
			sourceTree = "<group>";
		};
		19E64C491D380C1F0063E3DD /* Activities */ = {
			isa = PBXGroup;
			children = (
				1952C1871D4A4EF0008776AA /* FTManualActivityTrackViewController.swift */,
				19E64C4A1D380C3D0063E3DD /* FTLogActivityViewController.swift */,
			);
			name = Activities;
			sourceTree = "<group>";
		};
		19EAB5761D622A610030414D /* Third Party */ = {
			isa = PBXGroup;
			children = (
				19EAB5771D622A690030414D /* Swift-LineChart */,
			);
			name = "Third Party";
			sourceTree = "<group>";
		};
		19EAB5771D622A690030414D /* Swift-LineChart */ = {
			isa = PBXGroup;
			children = (
				19EAB57A1D634E1B0030414D /* LineChart.swift */,
			);
			name = "Swift-LineChart";
			sourceTree = "<group>";
		};
		19EAB57C1D634E900030414D /* Tutorial */ = {
			isa = PBXGroup;
			children = (
				19EAB57D1D634ECB0030414D /* FTTutorialMainViewController.swift */,
				19EAB57F1D634EFB0030414D /* FTTutorialSinglePageViewController.swift */,
			);
			name = Tutorial;
			sourceTree = "<group>";
		};
		1CFC921D0215E7BCDAD0DE11 /* Frameworks */ = {
			isa = PBXGroup;
			children = (
				1983844C1D637CBD008F3613 /* Crashlytics.framework */,
				6C8624F85B315546460893B4 /* Pods_Games420.framework */,
			);
			name = Frameworks;
			sourceTree = "<group>";
		};
		BFC95062948E14BC1EC183A4 /* Pods */ = {
			isa = PBXGroup;
			children = (
				5BC5FF388B87F8921C768337 /* Pods-Games420.debug.xcconfig */,
				D9BF4BB0CE89AFC4806BC2C6 /* Pods-Games420.release.xcconfig */,
			);
			name = Pods;
			sourceTree = "<group>";
		};
/* End PBXGroup section */

/* Begin PBXNativeTarget section */
		19E64C101D3518610063E3DD /* Games420 */ = {
			isa = PBXNativeTarget;
			buildConfigurationList = 19E64C231D3518610063E3DD /* Build configuration list for PBXNativeTarget "Games420" */;
			buildPhases = (
				3DA57E5A9056ADBCA60904AC /* [CP] Check Pods Manifest.lock */,
				19E64C0D1D3518610063E3DD /* Sources */,
				19E64C0E1D3518610063E3DD /* Frameworks */,
				19E64C0F1D3518610063E3DD /* Resources */,
				2A377E688E7B52F27143F72B /* [CP] Embed Pods Frameworks */,
				4CDCF4FCDBB29D5AAE388814 /* [CP] Copy Pods Resources */,
				1983844B1D637AA0008F3613 /* ShellScript */,
			);
			buildRules = (
			);
			dependencies = (
			);
			name = Games420;
			productName = Games420;
			productReference = 19E64C111D3518610063E3DD /* Games420.app */;
			productType = "com.apple.product-type.application";
		};
/* End PBXNativeTarget section */

/* Begin PBXProject section */
		19E64C091D3518610063E3DD /* Project object */ = {
			isa = PBXProject;
			attributes = {
				CLASSPREFIX = FT;
				LastSwiftUpdateCheck = 0730;
				LastUpgradeCheck = 0810;
				ORGANIZATIONNAME = ScreamingBox;
				TargetAttributes = {
					19E64C101D3518610063E3DD = {
						CreatedOnToolsVersion = 7.3.1;
						DevelopmentTeam = N7YY2LTTKV;
						LastSwiftMigration = 0810;
						ProvisioningStyle = Automatic;
					};
				};
			};
			buildConfigurationList = 19E64C0C1D3518610063E3DD /* Build configuration list for PBXProject "Games420" */;
			compatibilityVersion = "Xcode 3.2";
			developmentRegion = English;
			hasScannedForEncodings = 0;
			knownRegions = (
				en,
				Base,
			);
			mainGroup = 19E64C081D3518610063E3DD;
			productRefGroup = 19E64C121D3518610063E3DD /* Products */;
			projectDirPath = "";
			projectRoot = "";
			targets = (
				19E64C101D3518610063E3DD /* Games420 */,
			);
		};
/* End PBXProject section */

/* Begin PBXResourcesBuildPhase section */
		19E64C0F1D3518610063E3DD /* Resources */ = {
			isa = PBXResourcesBuildPhase;
			buildActionMask = 2147483647;
			files = (
				192CEFC21D53757B005E5AF4 /* ProfileCustomization.storyboard in Resources */,
				19B169871D5DB29000F4393D /* Medications.storyboard in Resources */,
				19B7466D1D5A1CCB0013883F /* ChangePassword.storyboard in Resources */,
				19E64C1F1D3518610063E3DD /* LaunchScreen.storyboard in Resources */,
				19B1697B1D5B96D300F4393D /* Onboarding.storyboard in Resources */,
				19E64C1C1D3518610063E3DD /* Assets.xcassets in Resources */,
				19EAB5821D634F110030414D /* Tutorial.storyboard in Resources */,
				19E64C1A1D3518610063E3DD /* Main.storyboard in Resources */,
			);
			runOnlyForDeploymentPostprocessing = 0;
		};
/* End PBXResourcesBuildPhase section */

/* Begin PBXShellScriptBuildPhase section */
		1983844B1D637AA0008F3613 /* ShellScript */ = {
			isa = PBXShellScriptBuildPhase;
			buildActionMask = 2147483647;
			files = (
			);
			inputPaths = (
			);
			outputPaths = (
			);
			runOnlyForDeploymentPostprocessing = 0;
			shellPath = /bin/sh;
			shellScript = "./Crashlytics.framework/run 6ba381b8a208506b0d983661e196544c9eebe468\n";
		};
		2A377E688E7B52F27143F72B /* [CP] Embed Pods Frameworks */ = {
			isa = PBXShellScriptBuildPhase;
			buildActionMask = 2147483647;
			files = (
			);
			inputPaths = (
			);
			name = "[CP] Embed Pods Frameworks";
			outputPaths = (
			);
			runOnlyForDeploymentPostprocessing = 0;
			shellPath = /bin/sh;
			shellScript = "\"${SRCROOT}/Pods/Target Support Files/Pods-Games420/Pods-Games420-frameworks.sh\"\n";
			showEnvVarsInLog = 0;
		};
		3DA57E5A9056ADBCA60904AC /* [CP] Check Pods Manifest.lock */ = {
			isa = PBXShellScriptBuildPhase;
			buildActionMask = 2147483647;
			files = (
			);
			inputPaths = (
			);
			name = "[CP] Check Pods Manifest.lock";
			outputPaths = (
			);
			runOnlyForDeploymentPostprocessing = 0;
			shellPath = /bin/sh;
			shellScript = "diff \"${PODS_ROOT}/../Podfile.lock\" \"${PODS_ROOT}/Manifest.lock\" > /dev/null\nif [ $? != 0 ] ; then\n    # print error to STDERR\n    echo \"error: The sandbox is not in sync with the Podfile.lock. Run 'pod install' or update your CocoaPods installation.\" >&2\n    exit 1\nfi\n";
			showEnvVarsInLog = 0;
		};
		4CDCF4FCDBB29D5AAE388814 /* [CP] Copy Pods Resources */ = {
			isa = PBXShellScriptBuildPhase;
			buildActionMask = 2147483647;
			files = (
			);
			inputPaths = (
			);
			name = "[CP] Copy Pods Resources";
			outputPaths = (
			);
			runOnlyForDeploymentPostprocessing = 0;
			shellPath = /bin/sh;
			shellScript = "\"${SRCROOT}/Pods/Target Support Files/Pods-Games420/Pods-Games420-resources.sh\"\n";
			showEnvVarsInLog = 0;
		};
/* End PBXShellScriptBuildPhase section */

/* Begin PBXSourcesBuildPhase section */
		19E64C0D1D3518610063E3DD /* Sources */ = {
			isa = PBXSourcesBuildPhase;
			buildActionMask = 2147483647;
			files = (
				19E64C341D3677260063E3DD /* Activity.swift in Sources */,
				192CEFC01D536AF9005E5AF4 /* FTSigninWithEmailViewController.swift in Sources */,
				19B1698C1D5DBAF600F4393D /* FTMedicationListCell.swift in Sources */,
				1952C18A1D50DCBC008776AA /* FTSignupWithEmailViewController.swift in Sources */,
				19EAB57B1D634E1B0030414D /* LineChart.swift in Sources */,
				19E64C321D3674C90063E3DD /* FTDataObject.swift in Sources */,
				19B169901D61E41900F4393D /* FTActivityValueCell.swift in Sources */,
				19B746451D59F2020013883F /* FTPhotoCropViewController.swift in Sources */,
				192CEFC51D537DB3005E5AF4 /* FTProfileMainViewController.swift in Sources */,
				19E64C401D379F3F0063E3DD /* Athlete.swift in Sources */,
				19E64C451D37A7D20063E3DD /* FTOnboardingViewController.swift in Sources */,
				19E64C371D368D700063E3DD /* FTSelectActivityViewController.swift in Sources */,
				19B746711D5B27EE0013883F /* FTMedicationDetailsViewController.swift in Sources */,
				19E64C3A1D368DB40063E3DD /* FTSelectActivityCell.swift in Sources */,
				19B169721D5B7E3200F4393D /* FTContainerViewController.swift in Sources */,
				19E64C151D3518610063E3DD /* AppDelegate.swift in Sources */,
				19B169771D5B81DB00F4393D /* FTFont.swift in Sources */,
				19E64C2F1D352F4A0063E3DD /* FTStravaManager.swift in Sources */,
				19E64C421D379FF50063E3DD /* FTError.swift in Sources */,
				19B169891D5DB2DF00F4393D /* FTMedicationsViewController.swift in Sources */,
				19B169851D5CF78700F4393D /* FTHomeViewController.swift in Sources */,
				19B746731D5B2B590013883F /* FTMedicationDetailCell.swift in Sources */,
				19E64C4B1D380C3D0063E3DD /* FTLogActivityViewController.swift in Sources */,
				19E64C3C1D379A9D0063E3DD /* Medication.swift in Sources */,
				198384501D638101008F3613 /* FTAnalytics.swift in Sources */,
				19B1697D1D5C74A200F4393D /* FTNavigationItem.swift in Sources */,
				19B1698E1D5DFC2400F4393D /* FTString.swift in Sources */,
				1952C1881D4A4EF0008776AA /* FTManualActivityTrackViewController.swift in Sources */,
				19E64C3E1D379F030063E3DD /* User.swift in Sources */,
				19B1697F1D5C7ACC00F4393D /* FTButton.swift in Sources */,
				19E64C271D35196B0063E3DD /* FTDataManager.swift in Sources */,
				19B169811D5C7DA300F4393D /* FTTextField.swift in Sources */,
				19EAB5801D634EFB0030414D /* FTTutorialSinglePageViewController.swift in Sources */,
				19B169831D5CAFCF00F4393D /* FTLeftMenuItemCell.swift in Sources */,
				19B169791D5B961500F4393D /* FTColor.swift in Sources */,
				19B169741D5B7E9E00F4393D /* FTLeftMenuViewController.swift in Sources */,
				19B7466A1D5A0F6C0013883F /* FTChangePasswordViewController.swift in Sources */,
				19EAB57E1D634ECB0030414D /* FTTutorialMainViewController.swift in Sources */,
			);
			runOnlyForDeploymentPostprocessing = 0;
		};
/* End PBXSourcesBuildPhase section */

/* Begin PBXVariantGroup section */
		19E64C181D3518610063E3DD /* Main.storyboard */ = {
			isa = PBXVariantGroup;
			children = (
				19E64C191D3518610063E3DD /* Base */,
			);
			name = Main.storyboard;
			sourceTree = "<group>";
		};
		19E64C1D1D3518610063E3DD /* LaunchScreen.storyboard */ = {
			isa = PBXVariantGroup;
			children = (
				19E64C1E1D3518610063E3DD /* Base */,
			);
			name = LaunchScreen.storyboard;
			sourceTree = "<group>";
		};
/* End PBXVariantGroup section */

/* Begin XCBuildConfiguration section */
		19E64C211D3518610063E3DD /* Debug */ = {
			isa = XCBuildConfiguration;
			buildSettings = {
				ALWAYS_SEARCH_USER_PATHS = NO;
				CLANG_ANALYZER_NONNULL = YES;
				CLANG_CXX_LANGUAGE_STANDARD = "gnu++0x";
				CLANG_CXX_LIBRARY = "libc++";
				CLANG_ENABLE_MODULES = YES;
				CLANG_ENABLE_OBJC_ARC = YES;
				CLANG_WARN_BOOL_CONVERSION = YES;
				CLANG_WARN_CONSTANT_CONVERSION = YES;
				CLANG_WARN_DIRECT_OBJC_ISA_USAGE = YES_ERROR;
				CLANG_WARN_EMPTY_BODY = YES;
				CLANG_WARN_ENUM_CONVERSION = YES;
				CLANG_WARN_INFINITE_RECURSION = YES;
				CLANG_WARN_INT_CONVERSION = YES;
				CLANG_WARN_OBJC_ROOT_CLASS = YES_ERROR;
				CLANG_WARN_SUSPICIOUS_MOVE = YES;
				CLANG_WARN_UNREACHABLE_CODE = YES;
				CLANG_WARN__DUPLICATE_METHOD_MATCH = YES;
				"CODE_SIGN_IDENTITY[sdk=iphoneos*]" = "iPhone Developer";
				COPY_PHASE_STRIP = NO;
				DEBUG_INFORMATION_FORMAT = dwarf;
				ENABLE_STRICT_OBJC_MSGSEND = YES;
				ENABLE_TESTABILITY = YES;
				GCC_C_LANGUAGE_STANDARD = gnu99;
				GCC_DYNAMIC_NO_PIC = NO;
				GCC_NO_COMMON_BLOCKS = YES;
				GCC_OPTIMIZATION_LEVEL = 0;
				GCC_PREPROCESSOR_DEFINITIONS = (
					"DEBUG=1",
					"$(inherited)",
				);
				GCC_WARN_64_TO_32_BIT_CONVERSION = YES;
				GCC_WARN_ABOUT_RETURN_TYPE = YES_ERROR;
				GCC_WARN_UNDECLARED_SELECTOR = YES;
				GCC_WARN_UNINITIALIZED_AUTOS = YES_AGGRESSIVE;
				GCC_WARN_UNUSED_FUNCTION = YES;
				GCC_WARN_UNUSED_VARIABLE = YES;
				IPHONEOS_DEPLOYMENT_TARGET = 8.4;
				MTL_ENABLE_DEBUG_INFO = YES;
				ONLY_ACTIVE_ARCH = YES;
				SDKROOT = iphoneos;
				SWIFT_OPTIMIZATION_LEVEL = "-Onone";
				TARGETED_DEVICE_FAMILY = "1,2";
			};
			name = Debug;
		};
		19E64C221D3518610063E3DD /* Release */ = {
			isa = XCBuildConfiguration;
			buildSettings = {
				ALWAYS_SEARCH_USER_PATHS = NO;
				CLANG_ANALYZER_NONNULL = YES;
				CLANG_CXX_LANGUAGE_STANDARD = "gnu++0x";
				CLANG_CXX_LIBRARY = "libc++";
				CLANG_ENABLE_MODULES = YES;
				CLANG_ENABLE_OBJC_ARC = YES;
				CLANG_WARN_BOOL_CONVERSION = YES;
				CLANG_WARN_CONSTANT_CONVERSION = YES;
				CLANG_WARN_DIRECT_OBJC_ISA_USAGE = YES_ERROR;
				CLANG_WARN_EMPTY_BODY = YES;
				CLANG_WARN_ENUM_CONVERSION = YES;
				CLANG_WARN_INFINITE_RECURSION = YES;
				CLANG_WARN_INT_CONVERSION = YES;
				CLANG_WARN_OBJC_ROOT_CLASS = YES_ERROR;
				CLANG_WARN_SUSPICIOUS_MOVE = YES;
				CLANG_WARN_UNREACHABLE_CODE = YES;
				CLANG_WARN__DUPLICATE_METHOD_MATCH = YES;
				"CODE_SIGN_IDENTITY[sdk=iphoneos*]" = "iPhone Developer";
				COPY_PHASE_STRIP = NO;
				DEBUG_INFORMATION_FORMAT = "dwarf-with-dsym";
				ENABLE_NS_ASSERTIONS = NO;
				ENABLE_STRICT_OBJC_MSGSEND = YES;
				GCC_C_LANGUAGE_STANDARD = gnu99;
				GCC_NO_COMMON_BLOCKS = YES;
				GCC_WARN_64_TO_32_BIT_CONVERSION = YES;
				GCC_WARN_ABOUT_RETURN_TYPE = YES_ERROR;
				GCC_WARN_UNDECLARED_SELECTOR = YES;
				GCC_WARN_UNINITIALIZED_AUTOS = YES_AGGRESSIVE;
				GCC_WARN_UNUSED_FUNCTION = YES;
				GCC_WARN_UNUSED_VARIABLE = YES;
				IPHONEOS_DEPLOYMENT_TARGET = 8.4;
				MTL_ENABLE_DEBUG_INFO = NO;
				SDKROOT = iphoneos;
				SWIFT_OPTIMIZATION_LEVEL = "-Owholemodule";
				TARGETED_DEVICE_FAMILY = "1,2";
				VALIDATE_PRODUCT = YES;
			};
			name = Release;
		};
		19E64C241D3518610063E3DD /* Debug */ = {
			isa = XCBuildConfiguration;
			baseConfigurationReference = 5BC5FF388B87F8921C768337 /* Pods-Games420.debug.xcconfig */;
			buildSettings = {
				ALWAYS_EMBED_SWIFT_STANDARD_LIBRARIES = YES;
				ASSETCATALOG_COMPILER_APPICON_NAME = AppIcon;
				CLANG_ENABLE_MODULES = YES;
				CODE_SIGN_IDENTITY = "iPhone Developer";
				"CODE_SIGN_IDENTITY[sdk=iphoneos*]" = "iPhone Developer";
				DEBUG_INFORMATION_FORMAT = "dwarf-with-dsym";
				DEVELOPMENT_TEAM = "";
				FRAMEWORK_SEARCH_PATHS = (
					"$(inherited)",
					"$(PROJECT_DIR)",
				);
				INFOPLIST_FILE = Games420/Info.plist;
				LD_RUNPATH_SEARCH_PATHS = "$(inherited) @executable_path/Frameworks";
				PRODUCT_BUNDLE_IDENTIFIER = org.games420.Games420app;
				PRODUCT_NAME = "$(TARGET_NAME)";
				PROVISIONING_PROFILE = "";
				PROVISIONING_PROFILE_SPECIFIER = "";
				SWIFT_OBJC_BRIDGING_HEADER = "Games420-Bridging-Header.h";
				SWIFT_OPTIMIZATION_LEVEL = "-Onone";
				SWIFT_VERSION = 3.0;
			};
			name = Debug;
		};
		19E64C251D3518610063E3DD /* Release */ = {
			isa = XCBuildConfiguration;
			baseConfigurationReference = D9BF4BB0CE89AFC4806BC2C6 /* Pods-Games420.release.xcconfig */;
			buildSettings = {
				ALWAYS_EMBED_SWIFT_STANDARD_LIBRARIES = YES;
				ASSETCATALOG_COMPILER_APPICON_NAME = AppIcon;
				CLANG_ENABLE_MODULES = YES;
				CODE_SIGN_IDENTITY = "iPhone Developer";
				"CODE_SIGN_IDENTITY[sdk=iphoneos*]" = "iPhone Developer";
				DEVELOPMENT_TEAM = "";
				FRAMEWORK_SEARCH_PATHS = (
					"$(inherited)",
					"$(PROJECT_DIR)",
				);
				INFOPLIST_FILE = Games420/Info.plist;
				LD_RUNPATH_SEARCH_PATHS = "$(inherited) @executable_path/Frameworks";
				PRODUCT_BUNDLE_IDENTIFIER = org.games420.Games420app;
				PRODUCT_NAME = "$(TARGET_NAME)";
				PROVISIONING_PROFILE = "";
				PROVISIONING_PROFILE_SPECIFIER = "";
				SWIFT_OBJC_BRIDGING_HEADER = "Games420-Bridging-Header.h";
				SWIFT_VERSION = 3.0;
			};
			name = Release;
		};
/* End XCBuildConfiguration section */

/* Begin XCConfigurationList section */
		19E64C0C1D3518610063E3DD /* Build configuration list for PBXProject "Games420" */ = {
			isa = XCConfigurationList;
			buildConfigurations = (
				19E64C211D3518610063E3DD /* Debug */,
				19E64C221D3518610063E3DD /* Release */,
			);
			defaultConfigurationIsVisible = 0;
			defaultConfigurationName = Release;
		};
		19E64C231D3518610063E3DD /* Build configuration list for PBXNativeTarget "Games420" */ = {
			isa = XCConfigurationList;
			buildConfigurations = (
				19E64C241D3518610063E3DD /* Debug */,
				19E64C251D3518610063E3DD /* Release */,
			);
			defaultConfigurationIsVisible = 0;
			defaultConfigurationName = Release;
		};
/* End XCConfigurationList section */
	};
	rootObject = 19E64C091D3518610063E3DD /* Project object */;
}
